
Microsoft Visual Studio Solution File, Format Version 12.00
# Visual Studio Version 17
VisualStudioVersion = 17.0.31612.314
MinimumVisualStudioVersion = 10.0.40219.1
Project("{FAE04EC0-301F-11D3-BF4B-00C04F79EFBC}") = "Shop Moment", "Shop Moment\Shop Moment.csproj", "{ABEBDA4D-B0FD-4467-9530-91FB0C948552}"
EndProject
Global
	GlobalSection(SolutionConfigurationPlatforms) = preSolution
		Debug|Any CPU = Debug|Any CPU
		Release|Any CPU = Release|Any CPU
	EndGlobalSection
	GlobalSection(ProjectConfigurationPlatforms) = postSolution
		{ABEBDA4D-B0FD-4467-9530-91FB0C948552}.Debug|Any CPU.ActiveCfg = Debug|Any CPU
		{ABEBDA4D-B0FD-4467-9530-91FB0C948552}.Debug|Any CPU.Build.0 = Debug|Any CPU
		{ABEBDA4D-B0FD-4467-9530-91FB0C948552}.Release|Any CPU.ActiveCfg = Release|Any CPU
		{ABEBDA4D-B0FD-4467-9530-91FB0C948552}.Release|Any CPU.Build.0 = Release|Any CPU
	EndGlobalSection
	GlobalSection(SolutionProperties) = preSolution
		HideSolutionNode = FALSE
	EndGlobalSection
	GlobalSection(ExtensibilityGlobals) = postSolution
		SolutionGuid = {55E01D45-C153-4D97-9BB9-33E45554178C}
	EndGlobalSection
EndGlobal
